
Microsoft Visual Studio Solution File, Format Version 12.00
# Visual Studio Version 16
VisualStudioVersion = 16.0.29326.143
MinimumVisualStudioVersion = 10.0.40219.1
Project("{FAE04EC0-301F-11D3-BF4B-00C04F79EFBC}") = "DataCollectorFdApp", "DataCollectorFdApp\DataCollectorFdApp.csproj", "{C73D7096-107C-48BF-A72F-1E46095A7F84}"
EndProject
Project("{FAE04EC0-301F-11D3-BF4B-00C04F79EFBC}") = "SubjectFdApp", "SubjectFdApp\SubjectFdApp.csproj", "{CC8DCD36-D0E2-4FB6-8F2C-744506114F7E}"
EndProject
Global
	GlobalSection(SolutionConfigurationPlatforms) = preSolution
		Debug|Any CPU = Debug|Any CPU
		Release|Any CPU = Release|Any CPU
	EndGlobalSection
	GlobalSection(ProjectConfigurationPlatforms) = postSolution
		{C73D7096-107C-48BF-A72F-1E46095A7F84}.Debug|Any CPU.ActiveCfg = Debug|Any CPU
		{C73D7096-107C-48BF-A72F-1E46095A7F84}.Debug|Any CPU.Build.0 = Debug|Any CPU
		{C73D7096-107C-48BF-A72F-1E46095A7F84}.Release|Any CPU.ActiveCfg = Release|x64
		{C73D7096-107C-48BF-A72F-1E46095A7F84}.Release|Any CPU.Build.0 = Release|x64
		{CC8DCD36-D0E2-4FB6-8F2C-744506114F7E}.Debug|Any CPU.ActiveCfg = Debug|Any CPU
		{CC8DCD36-D0E2-4FB6-8F2C-744506114F7E}.Debug|Any CPU.Build.0 = Debug|Any CPU
		{CC8DCD36-D0E2-4FB6-8F2C-744506114F7E}.Release|Any CPU.ActiveCfg = Release|x64
		{CC8DCD36-D0E2-4FB6-8F2C-744506114F7E}.Release|Any CPU.Build.0 = Release|x64
	EndGlobalSection
	GlobalSection(SolutionProperties) = preSolution
		HideSolutionNode = FALSE
	EndGlobalSection
	GlobalSection(ExtensibilityGlobals) = postSolution
		SolutionGuid = {EC36B16F-2D42-4DBA-B484-F519D6BC12ED}
	EndGlobalSection
EndGlobal
